
Microsoft Visual Studio Solution File, Format Version 12.00
# Visual Studio Version 17
VisualStudioVersion = 17.14.36310.24
MinimumVisualStudioVersion = 10.0.40219.1
Project("{FAE04EC0-301F-11D3-BF4B-00C04F79EFBC}") = "01-MainSubjects", "01-MainSubjects\01-MainSubjects.csproj", "{77103845-8DEB-4223-94F1-BB0F4840C377}"
EndProject
Project("{FAE04EC0-301F-11D3-BF4B-00C04F79EFBC}") = "02_Variables", "02_Variables\02_Variables.csproj", "{23AFBF53-6ADB-4DCA-996C-FA54B695990A}"
EndProject
Project("{FAE04EC0-301F-11D3-BF4B-00C04F79EFBC}") = "03_DecisionMaking", "03_DecisionMaking\03_DecisionMaking.csproj", "{F3E16401-6DFF-45D8-B069-DE12718E2EED}"
EndProject
Project("{FAE04EC0-301F-11D3-BF4B-00C04F79EFBC}") = "04_Loops", "04_Loops\04_Loops.csproj", "{9F46A6C2-1248-4B71-A058-6F5E6B88DF21}"
EndProject
Project("{FAE04EC0-301F-11D3-BF4B-00C04F79EFBC}") = "05_StarExamplesWithLoops", "05_StarExamplesWithLoops\05_StarExamplesWithLoops.csproj", "{63D9519B-3902-43C1-B84F-B98C6B871DF2}"
EndProject
Project("{FAE04EC0-301F-11D3-BF4B-00C04F79EFBC}") = "06_Arrays", "06_Arrays\06_Arrays.csproj", "{512D54F8-BAED-4184-899F-D662FA093BCB}"
EndProject
Project("{FAE04EC0-301F-11D3-BF4B-00C04F79EFBC}") = "07_ForEachLoop", "07_ForEachLoop\07_ForEachLoop.csproj", "{F85D5EAB-1C5D-44ED-8BAE-6D2D437DA0F5}"
EndProject
Project("{FAE04EC0-301F-11D3-BF4B-00C04F79EFBC}") = "08_Methods", "08_Methods\08_Methods.csproj", "{8B4DB568-C091-418F-AB4D-16FF243080C4}"
EndProject
Project("{FAE04EC0-301F-11D3-BF4B-00C04F79EFBC}") = "09_SqlDatabase", "09_SqlDatabase\09_SqlDatabase.csproj", "{3D3B987E-17C9-4B5F-9DC8-51F3D209A861}"
EndProject
Global
	GlobalSection(SolutionConfigurationPlatforms) = preSolution
		Debug|Any CPU = Debug|Any CPU
		Release|Any CPU = Release|Any CPU
	EndGlobalSection
	GlobalSection(ProjectConfigurationPlatforms) = postSolution
		{77103845-8DEB-4223-94F1-BB0F4840C377}.Debug|Any CPU.ActiveCfg = Debug|Any CPU
		{77103845-8DEB-4223-94F1-BB0F4840C377}.Debug|Any CPU.Build.0 = Debug|Any CPU
		{77103845-8DEB-4223-94F1-BB0F4840C377}.Release|Any CPU.ActiveCfg = Release|Any CPU
		{77103845-8DEB-4223-94F1-BB0F4840C377}.Release|Any CPU.Build.0 = Release|Any CPU
		{23AFBF53-6ADB-4DCA-996C-FA54B695990A}.Debug|Any CPU.ActiveCfg = Debug|Any CPU
		{23AFBF53-6ADB-4DCA-996C-FA54B695990A}.Debug|Any CPU.Build.0 = Debug|Any CPU
		{23AFBF53-6ADB-4DCA-996C-FA54B695990A}.Release|Any CPU.ActiveCfg = Release|Any CPU
		{23AFBF53-6ADB-4DCA-996C-FA54B695990A}.Release|Any CPU.Build.0 = Release|Any CPU
		{F3E16401-6DFF-45D8-B069-DE12718E2EED}.Debug|Any CPU.ActiveCfg = Debug|Any CPU
		{F3E16401-6DFF-45D8-B069-DE12718E2EED}.Debug|Any CPU.Build.0 = Debug|Any CPU
		{F3E16401-6DFF-45D8-B069-DE12718E2EED}.Release|Any CPU.ActiveCfg = Release|Any CPU
		{F3E16401-6DFF-45D8-B069-DE12718E2EED}.Release|Any CPU.Build.0 = Release|Any CPU
		{9F46A6C2-1248-4B71-A058-6F5E6B88DF21}.Debug|Any CPU.ActiveCfg = Debug|Any CPU
		{9F46A6C2-1248-4B71-A058-6F5E6B88DF21}.Debug|Any CPU.Build.0 = Debug|Any CPU
		{9F46A6C2-1248-4B71-A058-6F5E6B88DF21}.Release|Any CPU.ActiveCfg = Release|Any CPU
		{9F46A6C2-1248-4B71-A058-6F5E6B88DF21}.Release|Any CPU.Build.0 = Release|Any CPU
		{63D9519B-3902-43C1-B84F-B98C6B871DF2}.Debug|Any CPU.ActiveCfg = Debug|Any CPU
		{63D9519B-3902-43C1-B84F-B98C6B871DF2}.Debug|Any CPU.Build.0 = Debug|Any CPU
		{63D9519B-3902-43C1-B84F-B98C6B871DF2}.Release|Any CPU.ActiveCfg = Release|Any CPU
		{63D9519B-3902-43C1-B84F-B98C6B871DF2}.Release|Any CPU.Build.0 = Release|Any CPU
		{512D54F8-BAED-4184-899F-D662FA093BCB}.Debug|Any CPU.ActiveCfg = Debug|Any CPU
		{512D54F8-BAED-4184-899F-D662FA093BCB}.Debug|Any CPU.Build.0 = Debug|Any CPU
		{512D54F8-BAED-4184-899F-D662FA093BCB}.Release|Any CPU.ActiveCfg = Release|Any CPU
		{512D54F8-BAED-4184-899F-D662FA093BCB}.Release|Any CPU.Build.0 = Release|Any CPU
		{F85D5EAB-1C5D-44ED-8BAE-6D2D437DA0F5}.Debug|Any CPU.ActiveCfg = Debug|Any CPU
		{F85D5EAB-1C5D-44ED-8BAE-6D2D437DA0F5}.Debug|Any CPU.Build.0 = Debug|Any CPU
		{F85D5EAB-1C5D-44ED-8BAE-6D2D437DA0F5}.Release|Any CPU.ActiveCfg = Release|Any CPU
		{F85D5EAB-1C5D-44ED-8BAE-6D2D437DA0F5}.Release|Any CPU.Build.0 = Release|Any CPU
		{8B4DB568-C091-418F-AB4D-16FF243080C4}.Debug|Any CPU.ActiveCfg = Debug|Any CPU
		{8B4DB568-C091-418F-AB4D-16FF243080C4}.Debug|Any CPU.Build.0 = Debug|Any CPU
		{8B4DB568-C091-418F-AB4D-16FF243080C4}.Release|Any CPU.ActiveCfg = Release|Any CPU
		{8B4DB568-C091-418F-AB4D-16FF243080C4}.Release|Any CPU.Build.0 = Release|Any CPU
		{3D3B987E-17C9-4B5F-9DC8-51F3D209A861}.Debug|Any CPU.ActiveCfg = Debug|Any CPU
		{3D3B987E-17C9-4B5F-9DC8-51F3D209A861}.Debug|Any CPU.Build.0 = Debug|Any CPU
		{3D3B987E-17C9-4B5F-9DC8-51F3D209A861}.Release|Any CPU.ActiveCfg = Release|Any CPU
		{3D3B987E-17C9-4B5F-9DC8-51F3D209A861}.Release|Any CPU.Build.0 = Release|Any CPU
	EndGlobalSection
	GlobalSection(SolutionProperties) = preSolution
		HideSolutionNode = FALSE
	EndGlobalSection
	GlobalSection(ExtensibilityGlobals) = postSolution
		SolutionGuid = {6C990E9B-7CFA-408C-8FF8-E1BE440C3DAE}
	EndGlobalSection
EndGlobal
